# THIS IS AN AUTOGENERATED FILE. DO NOT EDIT THIS FILE DIRECTLY.
# yarn lockfile v1


browser-split@0.0.1:
  version "0.0.1"
  resolved "https://registry.yarnpkg.com/browser-split/-/browser-split-0.0.1.tgz#7b097574f8e3ead606fb4664e64adfdda2981a93"
  integrity sha1-ewl1dPjj6tYG+0Zk5krf3aKYGpM=

is-plain-object@^2.0.4:
  version "2.0.4"
  resolved "https://registry.yarnpkg.com/is-plain-object/-/is-plain-object-2.0.4.tgz#2c163b3fafb1b606d9d17928f05c2a1c38e07677"
  integrity sha512-h5PpgXkWitc38BBMYawTYMWJHFZJVnBquFE57xFpjB8pJFiF6gZ+bU+WyI/yqXiFR5mdLsgYNaPe8uao6Uv9Og==
  dependencies:
    isobject "^3.0.1"

isobject@^3.0.1:
  version "3.0.1"
  resolved "https://registry.yarnpkg.com/isobject/-/isobject-3.0.1.tgz#4e431e92b11a9731636aa1f9c8d1ccbcfdab78df"
  integrity sha1-TkMekrEalzFjaqH5yNHMvP2reN8=

lodash.flattendeep@^4.4.0:
  version "4.4.0"
  resolved "https://registry.yarnpkg.com/lodash.flattendeep/-/lodash.flattendeep-4.4.0.tgz#fb030917f86a3134e5bc9bec0d69e0013ddfedb2"
  integrity sha1-+wMJF/hqMTTlvJvsDWngAT3f7bI=

parse-sel@^1.0.0:
  version "1.0.0"
  resolved "https://registry.yarnpkg.com/parse-sel/-/parse-sel-1.0.0.tgz#b9300d2bb946a06c22c98e208e47b2088690cbdd"
  integrity sha1-uTANK7lGoGwiyY4gjkeyCIaQy90=
  dependencies:
    browser-split "0.0.1"

self-closing-tags@^1.0.1:
  version "1.0.1"
  resolved "https://registry.yarnpkg.com/self-closing-tags/-/self-closing-tags-1.0.1.tgz#6c5fa497994bb826b484216916371accee490a5d"
  integrity sha512-7t6hNbYMxM+VHXTgJmxwgZgLGktuXtVVD5AivWzNTdJBM4DBjnDKDzkf2SrNjihaArpeJYNjxkELBu1evI4lQA==
